
Microsoft Visual Studio Solution File, Format Version 12.00
# Visual Studio 15
VisualStudioVersion = 15.0.28307.136
MinimumVisualStudioVersion = 10.0.40219.1
Project("{FAE04EC0-301F-11D3-BF4B-00C04F79EFBC}") = "pgAdminMain", "pgAdminMain.csproj", "{BF41A6B4-E2F1-45D5-9596-9E278C46B45B}"
EndProject
Global
	GlobalSection(SolutionConfigurationPlatforms) = preSolution
		Debug|Any CPU = Debug|Any CPU
		Release|Any CPU = Release|Any CPU
	EndGlobalSection
	GlobalSection(ProjectConfigurationPlatforms) = postSolution
		{BF41A6B4-E2F1-45D5-9596-9E278C46B45B}.Debug|Any CPU.ActiveCfg = Debug|Any CPU
		{BF41A6B4-E2F1-45D5-9596-9E278C46B45B}.Debug|Any CPU.Build.0 = Debug|Any CPU
		{BF41A6B4-E2F1-45D5-9596-9E278C46B45B}.Release|Any CPU.ActiveCfg = Release|Any CPU
		{BF41A6B4-E2F1-45D5-9596-9E278C46B45B}.Release|Any CPU.Build.0 = Release|Any CPU
	EndGlobalSection
	GlobalSection(SolutionProperties) = preSolution
		HideSolutionNode = FALSE
	EndGlobalSection
	GlobalSection(ExtensibilityGlobals) = postSolution
		SolutionGuid = {6AB73325-00EC-42EB-8ABD-FC92E33F3AD3}
	EndGlobalSection
EndGlobal
